
Microsoft Visual Studio Solution File, Format Version 12.00
# Visual Studio Version 17
VisualStudioVersion = 17.14.36518.9
MinimumVisualStudioVersion = 10.0.40219.1
Project("{FAE04EC0-301F-11D3-BF4B-00C04F79EFBC}") = "CarShop.API", "CarShop.API\CarShop.API.csproj", "{0421AF76-0BCB-BFDF-40C1-2C58CCFA6E9C}"
EndProject
Project("{FAE04EC0-301F-11D3-BF4B-00C04F79EFBC}") = "CarShop.Application", "CarShop.Application\CarShop.Application.csproj", "{C15E948A-BC7F-9E17-AFF4-F7A0BF470A8C}"
EndProject
Project("{FAE04EC0-301F-11D3-BF4B-00C04F79EFBC}") = "CarShop.Domain", "CarShop.Domain\CarShop.Domain.csproj", "{0A605D35-9153-F4AB-68EB-CE645493CF9E}"
EndProject
Project("{FAE04EC0-301F-11D3-BF4B-00C04F79EFBC}") = "CarShop.Infrastructure", "CarShop.Infrastructure\CarShop.Infrastructure.csproj", "{B43721AD-FC02-9B07-64FD-EC163DC391C1}"
EndProject
Project("{FAE04EC0-301F-11D3-BF4B-00C04F79EFBC}") = "CarShop.Shared", "CarShop.Shared\CarShop.Shared.csproj", "{4ACA6FDF-A06C-44A2-0980-48B3EAC31DA0}"
EndProject
Project("{FAE04EC0-301F-11D3-BF4B-00C04F79EFBC}") = "CarShop.Tests", "CarShop.Tests\CarShop.Tests.csproj", "{B8460AF9-FCC3-5847-AFC3-813E523C132F}"
EndProject
Global
	GlobalSection(SolutionConfigurationPlatforms) = preSolution
		Debug|Any CPU = Debug|Any CPU
		Release|Any CPU = Release|Any CPU
	EndGlobalSection
	GlobalSection(ProjectConfigurationPlatforms) = postSolution
		{0421AF76-0BCB-BFDF-40C1-2C58CCFA6E9C}.Debug|Any CPU.ActiveCfg = Debug|Any CPU
		{0421AF76-0BCB-BFDF-40C1-2C58CCFA6E9C}.Debug|Any CPU.Build.0 = Debug|Any CPU
		{0421AF76-0BCB-BFDF-40C1-2C58CCFA6E9C}.Release|Any CPU.ActiveCfg = Release|Any CPU
		{0421AF76-0BCB-BFDF-40C1-2C58CCFA6E9C}.Release|Any CPU.Build.0 = Release|Any CPU
		{C15E948A-BC7F-9E17-AFF4-F7A0BF470A8C}.Debug|Any CPU.ActiveCfg = Debug|Any CPU
		{C15E948A-BC7F-9E17-AFF4-F7A0BF470A8C}.Debug|Any CPU.Build.0 = Debug|Any CPU
		{C15E948A-BC7F-9E17-AFF4-F7A0BF470A8C}.Release|Any CPU.ActiveCfg = Release|Any CPU
		{C15E948A-BC7F-9E17-AFF4-F7A0BF470A8C}.Release|Any CPU.Build.0 = Release|Any CPU
		{0A605D35-9153-F4AB-68EB-CE645493CF9E}.Debug|Any CPU.ActiveCfg = Debug|Any CPU
		{0A605D35-9153-F4AB-68EB-CE645493CF9E}.Debug|Any CPU.Build.0 = Debug|Any CPU
		{0A605D35-9153-F4AB-68EB-CE645493CF9E}.Release|Any CPU.ActiveCfg = Release|Any CPU
		{0A605D35-9153-F4AB-68EB-CE645493CF9E}.Release|Any CPU.Build.0 = Release|Any CPU
		{B43721AD-FC02-9B07-64FD-EC163DC391C1}.Debug|Any CPU.ActiveCfg = Debug|Any CPU
		{B43721AD-FC02-9B07-64FD-EC163DC391C1}.Debug|Any CPU.Build.0 = Debug|Any CPU
		{B43721AD-FC02-9B07-64FD-EC163DC391C1}.Release|Any CPU.ActiveCfg = Release|Any CPU
		{B43721AD-FC02-9B07-64FD-EC163DC391C1}.Release|Any CPU.Build.0 = Release|Any CPU
		{4ACA6FDF-A06C-44A2-0980-48B3EAC31DA0}.Debug|Any CPU.ActiveCfg = Debug|Any CPU
		{4ACA6FDF-A06C-44A2-0980-48B3EAC31DA0}.Debug|Any CPU.Build.0 = Debug|Any CPU
		{4ACA6FDF-A06C-44A2-0980-48B3EAC31DA0}.Release|Any CPU.ActiveCfg = Release|Any CPU
		{4ACA6FDF-A06C-44A2-0980-48B3EAC31DA0}.Release|Any CPU.Build.0 = Release|Any CPU
		{B8460AF9-FCC3-5847-AFC3-813E523C132F}.Debug|Any CPU.ActiveCfg = Debug|Any CPU
		{B8460AF9-FCC3-5847-AFC3-813E523C132F}.Debug|Any CPU.Build.0 = Debug|Any CPU
		{B8460AF9-FCC3-5847-AFC3-813E523C132F}.Release|Any CPU.ActiveCfg = Release|Any CPU
		{B8460AF9-FCC3-5847-AFC3-813E523C132F}.Release|Any CPU.Build.0 = Release|Any CPU
	EndGlobalSection
	GlobalSection(SolutionProperties) = preSolution
		HideSolutionNode = FALSE
	EndGlobalSection
	GlobalSection(ExtensibilityGlobals) = postSolution
		SolutionGuid = {084F5FAB-E649-425C-B350-C5A0264C050F}
	EndGlobalSection
EndGlobal
